
Microsoft Visual Studio Solution File, Format Version 12.00
# Visual Studio 15
VisualStudioVersion = 15.0.28307.645
MinimumVisualStudioVersion = 10.0.40219.1
Project("{9A19103F-16F7-4668-BE54-9A1E7A4F7556}") = "JsonCosmosFunction", "JsonCosmosFucntion\JsonCosmosFunction.csproj", "{4C494F8B-0014-4D1B-9E91-25F0170F13D7}"
EndProject
Global
	GlobalSection(SolutionConfigurationPlatforms) = preSolution
		Debug|Any CPU = Debug|Any CPU
		Release|Any CPU = Release|Any CPU
	EndGlobalSection
	GlobalSection(ProjectConfigurationPlatforms) = postSolution
		{4C494F8B-0014-4D1B-9E91-25F0170F13D7}.Debug|Any CPU.ActiveCfg = Debug|Any CPU
		{4C494F8B-0014-4D1B-9E91-25F0170F13D7}.Debug|Any CPU.Build.0 = Debug|Any CPU
		{4C494F8B-0014-4D1B-9E91-25F0170F13D7}.Release|Any CPU.ActiveCfg = Release|Any CPU
		{4C494F8B-0014-4D1B-9E91-25F0170F13D7}.Release|Any CPU.Build.0 = Release|Any CPU
	EndGlobalSection
	GlobalSection(SolutionProperties) = preSolution
		HideSolutionNode = FALSE
	EndGlobalSection
	GlobalSection(ExtensibilityGlobals) = postSolution
		SolutionGuid = {0520CC81-A95A-412F-BED2-1DD7870D17EE}
	EndGlobalSection
EndGlobal
